// !$*UTF8*$!
{
	archiveVersion = 1;
	classes = {
	};
	objectVersion = 46;
	objects = {

/* Begin PBXBuildFile section */
		342D38AE1D4382F100EB6566 /* AppDelegate.swift in Sources */ = {isa = PBXBuildFile; fileRef = 342D38AD1D4382F100EB6566 /* AppDelegate.swift */; };
		342D38B01D4382F100EB6566 /* ViewController.swift in Sources */ = {isa = PBXBuildFile; fileRef = 342D38AF1D4382F100EB6566 /* ViewController.swift */; };
		342D38B31D4382F100EB6566 /* Main.storyboard in Resources */ = {isa = PBXBuildFile; fileRef = 342D38B11D4382F100EB6566 /* Main.storyboard */; };
		342D38B51D4382F100EB6566 /* Assets.xcassets in Resources */ = {isa = PBXBuildFile; fileRef = 342D38B41D4382F100EB6566 /* Assets.xcassets */; };
		342D38B81D4382F100EB6566 /* LaunchScreen.storyboard in Resources */ = {isa = PBXBuildFile; fileRef = 342D38B61D4382F100EB6566 /* LaunchScreen.storyboard */; };
		342D38D31D43943C00EB6566 /* 4s-fullsize.png in Resources */ = {isa = PBXBuildFile; fileRef = 342D38C01D43943C00EB6566 /* 4s-fullsize.png */; };
		342D38D41D43943C00EB6566 /* 4s-smallsize.png in Resources */ = {isa = PBXBuildFile; fileRef = 342D38C11D43943C00EB6566 /* 4s-smallsize.png */; };
		342D38D51D43943C00EB6566 /* 5s-fullsize.png in Resources */ = {isa = PBXBuildFile; fileRef = 342D38C21D43943C00EB6566 /* 5s-fullsize.png */; };
		342D38D61D43943C00EB6566 /* 5s-smallsize.png in Resources */ = {isa = PBXBuildFile; fileRef = 342D38C31D43943C00EB6566 /* 5s-smallsize.png */; };
		342D38D71D43943C00EB6566 /* 6-fullsize.png in Resources */ = {isa = PBXBuildFile; fileRef = 342D38C41D43943C00EB6566 /* 6-fullsize.png */; };
		342D38D81D43943C00EB6566 /* 6-smallsize.png in Resources */ = {isa = PBXBuildFile; fileRef = 342D38C51D43943C00EB6566 /* 6-smallsize.png */; };
		342D38D91D43943C00EB6566 /* 6-Today-fullsize.png in Resources */ = {isa = PBXBuildFile; fileRef = 342D38C61D43943C00EB6566 /* 6-Today-fullsize.png */; };
		342D38DA1D43943C00EB6566 /* 6-Today-smallsize.png in Resources */ = {isa = PBXBuildFile; fileRef = 342D38C71D43943C00EB6566 /* 6-Today-smallsize.png */; };
		342D38DB1D43943C00EB6566 /* 6plus-fullsize.png in Resources */ = {isa = PBXBuildFile; fileRef = 342D38C81D43943C00EB6566 /* 6plus-fullsize.png */; };
		342D38DC1D43943C00EB6566 /* 6plus-smallsize.png in Resources */ = {isa = PBXBuildFile; fileRef = 342D38C91D43943C00EB6566 /* 6plus-smallsize.png */; };
		342D38DD1D43943C00EB6566 /* Custom-UIView.png in Resources */ = {isa = PBXBuildFile; fileRef = 342D38CA1D43943C00EB6566 /* Custom-UIView.png */; };
		342D38DE1D43943C00EB6566 /* IBDesignable-IBInspectable.png in Resources */ = {isa = PBXBuildFile; fileRef = 342D38CB1D43943C00EB6566 /* IBDesignable-IBInspectable.png */; };
		342D38DF1D43943C00EB6566 /* loading-33.png in Resources */ = {isa = PBXBuildFile; fileRef = 342D38CC1D43943C00EB6566 /* loading-33.png */; };
		342D38E01D43943C00EB6566 /* Loading.png in Resources */ = {isa = PBXBuildFile; fileRef = 342D38CD1D43943C00EB6566 /* Loading.png */; };
		342D38E11D43943C00EB6566 /* SketchDesign.png in Resources */ = {isa = PBXBuildFile; fileRef = 342D38CE1D43943C00EB6566 /* SketchDesign.png */; };
		342D38E21D43943C00EB6566 /* Swift Weather.png in Resources */ = {isa = PBXBuildFile; fileRef = 342D38CF1D43943C00EB6566 /* Swift Weather.png */; };
		342D38E31D43943C00EB6566 /* Swift-Weather-33.png in Resources */ = {isa = PBXBuildFile; fileRef = 342D38D01D43943C00EB6566 /* Swift-Weather-33.png */; };
		342D38E41D43943C00EB6566 /* UIStackView-with-Size-Classes.png in Resources */ = {isa = PBXBuildFile; fileRef = 342D38D11D43943C00EB6566 /* UIStackView-with-Size-Classes.png */; };
		342D38E51D43943C00EB6566 /* UIStackView.png in Resources */ = {isa = PBXBuildFile; fileRef = 342D38D21D43943C00EB6566 /* UIStackView.png */; };
		B0888650F4697C8EBA4394ED /* Pods_Swift_Weather.framework in Frameworks */ = {isa = PBXBuildFile; fileRef = 486A1A9B7DCA30928E3A5247 /* Pods_Swift_Weather.framework */; };
/* End PBXBuildFile section */

/* Begin PBXFileReference section */
		342D38AA1D4382F100EB6566 /* Swift Weather.app */ = {isa = PBXFileReference; explicitFileType = wrapper.application; includeInIndex = 0; path = "Swift Weather.app"; sourceTree = BUILT_PRODUCTS_DIR; };
		342D38AD1D4382F100EB6566 /* AppDelegate.swift */ = {isa = PBXFileReference; lastKnownFileType = sourcecode.swift; path = AppDelegate.swift; sourceTree = "<group>"; };
		342D38AF1D4382F100EB6566 /* ViewController.swift */ = {isa = PBXFileReference; lastKnownFileType = sourcecode.swift; path = ViewController.swift; sourceTree = "<group>"; };
		342D38B21D4382F100EB6566 /* Base */ = {isa = PBXFileReference; lastKnownFileType = file.storyboard; name = Base; path = Base.lproj/Main.storyboard; sourceTree = "<group>"; };
		342D38B41D4382F100EB6566 /* Assets.xcassets */ = {isa = PBXFileReference; lastKnownFileType = folder.assetcatalog; path = Assets.xcassets; sourceTree = "<group>"; };
		342D38B71D4382F100EB6566 /* Base */ = {isa = PBXFileReference; lastKnownFileType = file.storyboard; name = Base; path = Base.lproj/LaunchScreen.storyboard; sourceTree = "<group>"; };
		342D38B91D4382F100EB6566 /* Info.plist */ = {isa = PBXFileReference; lastKnownFileType = text.plist.xml; path = Info.plist; sourceTree = "<group>"; };
		342D38C01D43943C00EB6566 /* 4s-fullsize.png */ = {isa = PBXFileReference; lastKnownFileType = image.png; path = "4s-fullsize.png"; sourceTree = "<group>"; };
		342D38C11D43943C00EB6566 /* 4s-smallsize.png */ = {isa = PBXFileReference; lastKnownFileType = image.png; path = "4s-smallsize.png"; sourceTree = "<group>"; };
		342D38C21D43943C00EB6566 /* 5s-fullsize.png */ = {isa = PBXFileReference; lastKnownFileType = image.png; path = "5s-fullsize.png"; sourceTree = "<group>"; };
		342D38C31D43943C00EB6566 /* 5s-smallsize.png */ = {isa = PBXFileReference; lastKnownFileType = image.png; path = "5s-smallsize.png"; sourceTree = "<group>"; };
		342D38C41D43943C00EB6566 /* 6-fullsize.png */ = {isa = PBXFileReference; lastKnownFileType = image.png; path = "6-fullsize.png"; sourceTree = "<group>"; };
		342D38C51D43943C00EB6566 /* 6-smallsize.png */ = {isa = PBXFileReference; lastKnownFileType = image.png; path = "6-smallsize.png"; sourceTree = "<group>"; };
		342D38C61D43943C00EB6566 /* 6-Today-fullsize.png */ = {isa = PBXFileReference; lastKnownFileType = image.png; path = "6-Today-fullsize.png"; sourceTree = "<group>"; };
		342D38C71D43943C00EB6566 /* 6-Today-smallsize.png */ = {isa = PBXFileReference; lastKnownFileType = image.png; path = "6-Today-smallsize.png"; sourceTree = "<group>"; };
		342D38C81D43943C00EB6566 /* 6plus-fullsize.png */ = {isa = PBXFileReference; lastKnownFileType = image.png; path = "6plus-fullsize.png"; sourceTree = "<group>"; };
		342D38C91D43943C00EB6566 /* 6plus-smallsize.png */ = {isa = PBXFileReference; lastKnownFileType = image.png; path = "6plus-smallsize.png"; sourceTree = "<group>"; };
		342D38CA1D43943C00EB6566 /* Custom-UIView.png */ = {isa = PBXFileReference; lastKnownFileType = image.png; path = "Custom-UIView.png"; sourceTree = "<group>"; };
		342D38CB1D43943C00EB6566 /* IBDesignable-IBInspectable.png */ = {isa = PBXFileReference; lastKnownFileType = image.png; path = "IBDesignable-IBInspectable.png"; sourceTree = "<group>"; };
		342D38CC1D43943C00EB6566 /* loading-33.png */ = {isa = PBXFileReference; lastKnownFileType = image.png; path = "loading-33.png"; sourceTree = "<group>"; };
		342D38CD1D43943C00EB6566 /* Loading.png */ = {isa = PBXFileReference; lastKnownFileType = image.png; path = Loading.png; sourceTree = "<group>"; };
		342D38CE1D43943C00EB6566 /* SketchDesign.png */ = {isa = PBXFileReference; lastKnownFileType = image.png; path = SketchDesign.png; sourceTree = "<group>"; };
		342D38CF1D43943C00EB6566 /* Swift Weather.png */ = {isa = PBXFileReference; lastKnownFileType = image.png; path = "Swift Weather.png"; sourceTree = "<group>"; };
		342D38D01D43943C00EB6566 /* Swift-Weather-33.png */ = {isa = PBXFileReference; lastKnownFileType = image.png; path = "Swift-Weather-33.png"; sourceTree = "<group>"; };
		342D38D11D43943C00EB6566 /* UIStackView-with-Size-Classes.png */ = {isa = PBXFileReference; lastKnownFileType = image.png; path = "UIStackView-with-Size-Classes.png"; sourceTree = "<group>"; };
		342D38D21D43943C00EB6566 /* UIStackView.png */ = {isa = PBXFileReference; lastKnownFileType = image.png; path = UIStackView.png; sourceTree = "<group>"; };
		486A1A9B7DCA30928E3A5247 /* Pods_Swift_Weather.framework */ = {isa = PBXFileReference; explicitFileType = wrapper.framework; includeInIndex = 0; path = Pods_Swift_Weather.framework; sourceTree = BUILT_PRODUCTS_DIR; };
		5CDCC53A498A4D948334A9A9 /* Pods-Swift Weather.debug.xcconfig */ = {isa = PBXFileReference; includeInIndex = 1; lastKnownFileType = text.xcconfig; name = "Pods-Swift Weather.debug.xcconfig"; path = "Pods/Target Support Files/Pods-Swift Weather/Pods-Swift Weather.debug.xcconfig"; sourceTree = "<group>"; };
		EDCB0B59DBCCD54D7E6E721B /* Pods-Swift Weather.release.xcconfig */ = {isa = PBXFileReference; includeInIndex = 1; lastKnownFileType = text.xcconfig; name = "Pods-Swift Weather.release.xcconfig"; path = "Pods/Target Support Files/Pods-Swift Weather/Pods-Swift Weather.release.xcconfig"; sourceTree = "<group>"; };
/* End PBXFileReference section */

/* Begin PBXFrameworksBuildPhase section */
		342D38A71D4382F100EB6566 /* Frameworks */ = {
			isa = PBXFrameworksBuildPhase;
			buildActionMask = 2147483647;
			files = (
				B0888650F4697C8EBA4394ED /* Pods_Swift_Weather.framework in Frameworks */,
			);
			runOnlyForDeploymentPostprocessing = 0;
		};
/* End PBXFrameworksBuildPhase section */

/* Begin PBXGroup section */
		342D38A11D4382F100EB6566 = {
			isa = PBXGroup;
			children = (
				342D38AC1D4382F100EB6566 /* Swift Weather */,
				342D38AB1D4382F100EB6566 /* Products */,
				DEA797662AEB3C70E334C09D /* Pods */,
				BF0761F730FA370726A88B46 /* Frameworks */,
			);
			sourceTree = "<group>";
		};
		342D38AB1D4382F100EB6566 /* Products */ = {
			isa = PBXGroup;
			children = (
				342D38AA1D4382F100EB6566 /* Swift Weather.app */,
			);
			name = Products;
			sourceTree = "<group>";
		};
		342D38AC1D4382F100EB6566 /* Swift Weather */ = {
			isa = PBXGroup;
			children = (
				342D38AD1D4382F100EB6566 /* AppDelegate.swift */,
				342D38AF1D4382F100EB6566 /* ViewController.swift */,
				342D38B11D4382F100EB6566 /* Main.storyboard */,
				342D38B41D4382F100EB6566 /* Assets.xcassets */,
				342D38BF1D43943C00EB6566 /* screenshots */,
				342D38B61D4382F100EB6566 /* LaunchScreen.storyboard */,
				342D38B91D4382F100EB6566 /* Info.plist */,
			);
			path = "Swift Weather";
			sourceTree = "<group>";
		};
		342D38BF1D43943C00EB6566 /* screenshots */ = {
			isa = PBXGroup;
			children = (
				342D38C01D43943C00EB6566 /* 4s-fullsize.png */,
				342D38C11D43943C00EB6566 /* 4s-smallsize.png */,
				342D38C21D43943C00EB6566 /* 5s-fullsize.png */,
				342D38C31D43943C00EB6566 /* 5s-smallsize.png */,
				342D38C41D43943C00EB6566 /* 6-fullsize.png */,
				342D38C51D43943C00EB6566 /* 6-smallsize.png */,
				342D38C61D43943C00EB6566 /* 6-Today-fullsize.png */,
				342D38C71D43943C00EB6566 /* 6-Today-smallsize.png */,
				342D38C81D43943C00EB6566 /* 6plus-fullsize.png */,
				342D38C91D43943C00EB6566 /* 6plus-smallsize.png */,
				342D38CA1D43943C00EB6566 /* Custom-UIView.png */,
				342D38CB1D43943C00EB6566 /* IBDesignable-IBInspectable.png */,
				342D38CC1D43943C00EB6566 /* loading-33.png */,
				342D38CD1D43943C00EB6566 /* Loading.png */,
				342D38CE1D43943C00EB6566 /* SketchDesign.png */,
				342D38CF1D43943C00EB6566 /* Swift Weather.png */,
				342D38D01D43943C00EB6566 /* Swift-Weather-33.png */,
				342D38D11D43943C00EB6566 /* UIStackView-with-Size-Classes.png */,
				342D38D21D43943C00EB6566 /* UIStackView.png */,
			);
			path = screenshots;
			sourceTree = "<group>";
		};
		BF0761F730FA370726A88B46 /* Frameworks */ = {
			isa = PBXGroup;
			children = (
				486A1A9B7DCA30928E3A5247 /* Pods_Swift_Weather.framework */,
			);
			name = Frameworks;
			sourceTree = "<group>";
		};
		DEA797662AEB3C70E334C09D /* Pods */ = {
			isa = PBXGroup;
			children = (
				5CDCC53A498A4D948334A9A9 /* Pods-Swift Weather.debug.xcconfig */,
				EDCB0B59DBCCD54D7E6E721B /* Pods-Swift Weather.release.xcconfig */,
			);
			name = Pods;
			sourceTree = "<group>";
		};
/* End PBXGroup section */

/* Begin PBXNativeTarget section */
		342D38A91D4382F100EB6566 /* Swift Weather */ = {
			isa = PBXNativeTarget;
			buildConfigurationList = 342D38BC1D4382F100EB6566 /* Build configuration list for PBXNativeTarget "Swift Weather" */;
			buildPhases = (
				973D57BD98166D5A77B7E85F /* [CP] Check Pods Manifest.lock */,
				342D38A61D4382F100EB6566 /* Sources */,
				342D38A71D4382F100EB6566 /* Frameworks */,
				342D38A81D4382F100EB6566 /* Resources */,
				FA767EE142B086387578561E /* [CP] Embed Pods Frameworks */,
				F7EB7DF2F78A8F921236511F /* [CP] Copy Pods Resources */,
			);
			buildRules = (
			);
			dependencies = (
			);
			name = "Swift Weather";
			productName = "Swift Weather";
			productReference = 342D38AA1D4382F100EB6566 /* Swift Weather.app */;
			productType = "com.apple.product-type.application";
		};
/* End PBXNativeTarget section */

/* Begin PBXProject section */
		342D38A21D4382F100EB6566 /* Project object */ = {
			isa = PBXProject;
			attributes = {
				LastSwiftUpdateCheck = 0730;
				LastUpgradeCheck = 0730;
				ORGANIZATIONNAME = VoyageCN;
				TargetAttributes = {
					342D38A91D4382F100EB6566 = {
						CreatedOnToolsVersion = 7.3.1;
						DevelopmentTeam = F7C55VYF9A;
					};
				};
			};
			buildConfigurationList = 342D38A51D4382F100EB6566 /* Build configuration list for PBXProject "Swift Weather" */;
			compatibilityVersion = "Xcode 3.2";
			developmentRegion = English;
			hasScannedForEncodings = 0;
			knownRegions = (
				en,
				Base,
			);
			mainGroup = 342D38A11D4382F100EB6566;
			productRefGroup = 342D38AB1D4382F100EB6566 /* Products */;
			projectDirPath = "";
			projectRoot = "";
			targets = (
				342D38A91D4382F100EB6566 /* Swift Weather */,
			);
		};
/* End PBXProject section */

/* Begin PBXResourcesBuildPhase section */
		342D38A81D4382F100EB6566 /* Resources */ = {
			isa = PBXResourcesBuildPhase;
			buildActionMask = 2147483647;
			files = (
				342D38DA1D43943C00EB6566 /* 6-Today-smallsize.png in Resources */,
				342D38E01D43943C00EB6566 /* Loading.png in Resources */,
				342D38D91D43943C00EB6566 /* 6-Today-fullsize.png in Resources */,
				342D38DF1D43943C00EB6566 /* loading-33.png in Resources */,
				342D38D31D43943C00EB6566 /* 4s-fullsize.png in Resources */,
				342D38B81D4382F100EB6566 /* LaunchScreen.storyboard in Resources */,
				342D38E41D43943C00EB6566 /* UIStackView-with-Size-Classes.png in Resources */,
				342D38D71D43943C00EB6566 /* 6-fullsize.png in Resources */,
				342D38E11D43943C00EB6566 /* SketchDesign.png in Resources */,
				342D38D61D43943C00EB6566 /* 5s-smallsize.png in Resources */,
				342D38DB1D43943C00EB6566 /* 6plus-fullsize.png in Resources */,
				342D38DE1D43943C00EB6566 /* IBDesignable-IBInspectable.png in Resources */,
				342D38DD1D43943C00EB6566 /* Custom-UIView.png in Resources */,
				342D38E51D43943C00EB6566 /* UIStackView.png in Resources */,
				342D38E31D43943C00EB6566 /* Swift-Weather-33.png in Resources */,
				342D38D81D43943C00EB6566 /* 6-smallsize.png in Resources */,
				342D38B51D4382F100EB6566 /* Assets.xcassets in Resources */,
				342D38D51D43943C00EB6566 /* 5s-fullsize.png in Resources */,
				342D38DC1D43943C00EB6566 /* 6plus-smallsize.png in Resources */,
				342D38E21D43943C00EB6566 /* Swift Weather.png in Resources */,
				342D38B31D4382F100EB6566 /* Main.storyboard in Resources */,
				342D38D41D43943C00EB6566 /* 4s-smallsize.png in Resources */,
			);
			runOnlyForDeploymentPostprocessing = 0;
		};
/* End PBXResourcesBuildPhase section */

/* Begin PBXShellScriptBuildPhase section */
		973D57BD98166D5A77B7E85F /* [CP] Check Pods Manifest.lock */ = {
			isa = PBXShellScriptBuildPhase;
			buildActionMask = 2147483647;
			files = (
			);
			inputPaths = (
			);
			name = "[CP] Check Pods Manifest.lock";
			outputPaths = (
			);
			runOnlyForDeploymentPostprocessing = 0;
			shellPath = /bin/sh;
			shellScript = "diff \"${PODS_ROOT}/../Podfile.lock\" \"${PODS_ROOT}/Manifest.lock\" > /dev/null\nif [[ $? != 0 ]] ; then\n    cat << EOM\nerror: The sandbox is not in sync with the Podfile.lock. Run 'pod install' or update your CocoaPods installation.\nEOM\n    exit 1\nfi\n";
			showEnvVarsInLog = 0;
		};
		F7EB7DF2F78A8F921236511F /* [CP] Copy Pods Resources */ = {
			isa = PBXShellScriptBuildPhase;
			buildActionMask = 2147483647;
			files = (
			);
			inputPaths = (
			);
			name = "[CP] Copy Pods Resources";
			outputPaths = (
			);
			runOnlyForDeploymentPostprocessing = 0;
			shellPath = /bin/sh;
			shellScript = "\"${SRCROOT}/Pods/Target Support Files/Pods-Swift Weather/Pods-Swift Weather-resources.sh\"\n";
			showEnvVarsInLog = 0;
		};
		FA767EE142B086387578561E /* [CP] Embed Pods Frameworks */ = {
			isa = PBXShellScriptBuildPhase;
			buildActionMask = 2147483647;
			files = (
			);
			inputPaths = (
			);
			name = "[CP] Embed Pods Frameworks";
			outputPaths = (
			);
			runOnlyForDeploymentPostprocessing = 0;
			shellPath = /bin/sh;
			shellScript = "\"${SRCROOT}/Pods/Target Support Files/Pods-Swift Weather/Pods-Swift Weather-frameworks.sh\"\n";
			showEnvVarsInLog = 0;
		};
/* End PBXShellScriptBuildPhase section */

/* Begin PBXSourcesBuildPhase section */
		342D38A61D4382F100EB6566 /* Sources */ = {
			isa = PBXSourcesBuildPhase;
			buildActionMask = 2147483647;
			files = (
				342D38B01D4382F100EB6566 /* ViewController.swift in Sources */,
				342D38AE1D4382F100EB6566 /* AppDelegate.swift in Sources */,
			);
			runOnlyForDeploymentPostprocessing = 0;
		};
/* End PBXSourcesBuildPhase section */

/* Begin PBXVariantGroup section */
		342D38B11D4382F100EB6566 /* Main.storyboard */ = {
			isa = PBXVariantGroup;
			children = (
				342D38B21D4382F100EB6566 /* Base */,
			);
			name = Main.storyboard;
			sourceTree = "<group>";
		};
		342D38B61D4382F100EB6566 /* LaunchScreen.storyboard */ = {
			isa = PBXVariantGroup;
			children = (
				342D38B71D4382F100EB6566 /* Base */,
			);
			name = LaunchScreen.storyboard;
			sourceTree = "<group>";
		};
/* End PBXVariantGroup section */

/* Begin XCBuildConfiguration section */
		342D38BA1D4382F100EB6566 /* Debug */ = {
			isa = XCBuildConfiguration;
			buildSettings = {
				ALWAYS_SEARCH_USER_PATHS = NO;
				CLANG_ANALYZER_NONNULL = YES;
				CLANG_CXX_LANGUAGE_STANDARD = "gnu++0x";
				CLANG_CXX_LIBRARY = "libc++";
				CLANG_ENABLE_MODULES = YES;
				CLANG_ENABLE_OBJC_ARC = YES;
				CLANG_WARN_BOOL_CONVERSION = YES;
				CLANG_WARN_CONSTANT_CONVERSION = YES;
				CLANG_WARN_DIRECT_OBJC_ISA_USAGE = YES_ERROR;
				CLANG_WARN_EMPTY_BODY = YES;
				CLANG_WARN_ENUM_CONVERSION = YES;
				CLANG_WARN_INT_CONVERSION = YES;
				CLANG_WARN_OBJC_ROOT_CLASS = YES_ERROR;
				CLANG_WARN_UNREACHABLE_CODE = YES;
				CLANG_WARN__DUPLICATE_METHOD_MATCH = YES;
				"CODE_SIGN_IDENTITY[sdk=iphoneos*]" = "iPhone Developer";
				COPY_PHASE_STRIP = NO;
				DEBUG_INFORMATION_FORMAT = dwarf;
				ENABLE_STRICT_OBJC_MSGSEND = YES;
				ENABLE_TESTABILITY = YES;
				GCC_C_LANGUAGE_STANDARD = gnu99;
				GCC_DYNAMIC_NO_PIC = NO;
				GCC_NO_COMMON_BLOCKS = YES;
				GCC_OPTIMIZATION_LEVEL = 0;
				GCC_PREPROCESSOR_DEFINITIONS = (
					"DEBUG=1",
					"$(inherited)",
				);
				GCC_WARN_64_TO_32_BIT_CONVERSION = YES;
				GCC_WARN_ABOUT_RETURN_TYPE = YES_ERROR;
				GCC_WARN_UNDECLARED_SELECTOR = YES;
				GCC_WARN_UNINITIALIZED_AUTOS = YES_AGGRESSIVE;
				GCC_WARN_UNUSED_FUNCTION = YES;
				GCC_WARN_UNUSED_VARIABLE = YES;
				IPHONEOS_DEPLOYMENT_TARGET = 9.3;
				MTL_ENABLE_DEBUG_INFO = YES;
				ONLY_ACTIVE_ARCH = YES;
				SDKROOT = iphoneos;
				SWIFT_OPTIMIZATION_LEVEL = "-Onone";
			};
			name = Debug;
		};
		342D38BB1D4382F100EB6566 /* Release */ = {
			isa = XCBuildConfiguration;
			buildSettings = {
				ALWAYS_SEARCH_USER_PATHS = NO;
				CLANG_ANALYZER_NONNULL = YES;
				CLANG_CXX_LANGUAGE_STANDARD = "gnu++0x";
				CLANG_CXX_LIBRARY = "libc++";
				CLANG_ENABLE_MODULES = YES;
				CLANG_ENABLE_OBJC_ARC = YES;
				CLANG_WARN_BOOL_CONVERSION = YES;
				CLANG_WARN_CONSTANT_CONVERSION = YES;
				CLANG_WARN_DIRECT_OBJC_ISA_USAGE = YES_ERROR;
				CLANG_WARN_EMPTY_BODY = YES;
				CLANG_WARN_ENUM_CONVERSION = YES;
				CLANG_WARN_INT_CONVERSION = YES;
				CLANG_WARN_OBJC_ROOT_CLASS = YES_ERROR;
				CLANG_WARN_UNREACHABLE_CODE = YES;
				CLANG_WARN__DUPLICATE_METHOD_MATCH = YES;
				"CODE_SIGN_IDENTITY[sdk=iphoneos*]" = "iPhone Developer";
				COPY_PHASE_STRIP = NO;
				DEBUG_INFORMATION_FORMAT = "dwarf-with-dsym";
				ENABLE_NS_ASSERTIONS = NO;
				ENABLE_STRICT_OBJC_MSGSEND = YES;
				GCC_C_LANGUAGE_STANDARD = gnu99;
				GCC_NO_COMMON_BLOCKS = YES;
				GCC_WARN_64_TO_32_BIT_CONVERSION = YES;
				GCC_WARN_ABOUT_RETURN_TYPE = YES_ERROR;
				GCC_WARN_UNDECLARED_SELECTOR = YES;
				GCC_WARN_UNINITIALIZED_AUTOS = YES_AGGRESSIVE;
				GCC_WARN_UNUSED_FUNCTION = YES;
				GCC_WARN_UNUSED_VARIABLE = YES;
				IPHONEOS_DEPLOYMENT_TARGET = 9.3;
				MTL_ENABLE_DEBUG_INFO = NO;
				SDKROOT = iphoneos;
				VALIDATE_PRODUCT = YES;
			};
			name = Release;
		};
		342D38BD1D4382F100EB6566 /* Debug */ = {
			isa = XCBuildConfiguration;
			baseConfigurationReference = 5CDCC53A498A4D948334A9A9 /* Pods-Swift Weather.debug.xcconfig */;
			buildSettings = {
				ASSETCATALOG_COMPILER_APPICON_NAME = AppIcon;
				INFOPLIST_FILE = "Swift Weather/Info.plist";
				LD_RUNPATH_SEARCH_PATHS = "$(inherited) @executable_path/Frameworks";
				PRODUCT_BUNDLE_IDENTIFIER = "com.FtdStudio.Swift-Weather";
				PRODUCT_NAME = "$(TARGET_NAME)";
			};
			name = Debug;
		};
		342D38BE1D4382F100EB6566 /* Release */ = {
			isa = XCBuildConfiguration;
			baseConfigurationReference = EDCB0B59DBCCD54D7E6E721B /* Pods-Swift Weather.release.xcconfig */;
			buildSettings = {
				ASSETCATALOG_COMPILER_APPICON_NAME = AppIcon;
				INFOPLIST_FILE = "Swift Weather/Info.plist";
				LD_RUNPATH_SEARCH_PATHS = "$(inherited) @executable_path/Frameworks";
				PRODUCT_BUNDLE_IDENTIFIER = "com.FtdStudio.Swift-Weather";
				PRODUCT_NAME = "$(TARGET_NAME)";
			};
			name = Release;
		};
/* End XCBuildConfiguration section */

/* Begin XCConfigurationList section */
		342D38A51D4382F100EB6566 /* Build configuration list for PBXProject "Swift Weather" */ = {
			isa = XCConfigurationList;
			buildConfigurations = (
				342D38BA1D4382F100EB6566 /* Debug */,
				342D38BB1D4382F100EB6566 /* Release */,
			);
			defaultConfigurationIsVisible = 0;
			defaultConfigurationName = Release;
		};
		342D38BC1D4382F100EB6566 /* Build configuration list for PBXNativeTarget "Swift Weather" */ = {
			isa = XCConfigurationList;
			buildConfigurations = (
				342D38BD1D4382F100EB6566 /* Debug */,
				342D38BE1D4382F100EB6566 /* Release */,
			);
			defaultConfigurationIsVisible = 0;
			defaultConfigurationName = Release;
		};
/* End XCConfigurationList section */
	};
	rootObject = 342D38A21D4382F100EB6566 /* Project object */;
}
